{
  "object": {
    "pins": [
      {
        "package": "Alamofire",
        "repositoryURL": "https://github.com/Alamofire/Alamofire.git",
        "state": {
          "branch": null,
          "revision": "9e0328127dfb801cefe8ac53a13c0c90a7770448",
          "version": "5.4.0"
        }
      },
      {
        "package": "SnapshotTesting",
        "repositoryURL": "https://github.com/pointfreeco/swift-snapshot-testing.git",
        "state": {
          "branch": null,
          "revision": "c466812aa2e22898f27557e2e780d3aad7a27203",
          "version": "1.8.2"
        }
      },
      {
        "package": "Swifter",
        "repositoryURL": "https://github.com/httpswift/swifter.git",
        "state": {
          "branch": null,
          "revision": "9483a5d459b45c3ffd059f7b55f9638e268632fd",
          "version": "1.5.0"
        }
      }
    ]
  },
  "version": 1
}
